// !$*UTF8*$!
{
	archiveVersion = 1;
	classes = {
	};
	objectVersion = 50;
	objects = {

/* Begin PBXBuildFile section */
		9351609625860EB800100937 /* connect_iOSApp.swift in Sources */ = {isa = PBXBuildFile; fileRef = 9351609525860EB800100937 /* connect_iOSApp.swift */; };
		9351609A25860EBB00100937 /* Assets.xcassets in Resources */ = {isa = PBXBuildFile; fileRef = 9351609925860EBB00100937 /* Assets.xcassets */; };
		9351609D25860EBB00100937 /* Preview Assets.xcassets in Resources */ = {isa = PBXBuildFile; fileRef = 9351609C25860EBB00100937 /* Preview Assets.xcassets */; };
		935160B12586225400100937 /* MenuRowView.swift in Sources */ = {isa = PBXBuildFile; fileRef = 935160A72586225400100937 /* MenuRowView.swift */; };
		935160B22586225400100937 /* WriteMessage.swift in Sources */ = {isa = PBXBuildFile; fileRef = 935160A82586225400100937 /* WriteMessage.swift */; };
		935160B42586225400100937 /* AddFriend.swift in Sources */ = {isa = PBXBuildFile; fileRef = 935160AA2586225400100937 /* AddFriend.swift */; };
		935160B52586225400100937 /* HomeView.swift in Sources */ = {isa = PBXBuildFile; fileRef = 935160AB2586225400100937 /* HomeView.swift */; };
		935160B62586225400100937 /* SelectMessageFriend.swift in Sources */ = {isa = PBXBuildFile; fileRef = 935160AC2586225400100937 /* SelectMessageFriend.swift */; };
		935160B72586225400100937 /* CheckMessage.swift in Sources */ = {isa = PBXBuildFile; fileRef = 935160AD2586225400100937 /* CheckMessage.swift */; };
		935160B82586225400100937 /* FriendListView.swift in Sources */ = {isa = PBXBuildFile; fileRef = 935160AE2586225400100937 /* FriendListView.swift */; };
		935160B92586225400100937 /* SelectMsgFriend.swift in Sources */ = {isa = PBXBuildFile; fileRef = 935160AF2586225400100937 /* SelectMsgFriend.swift */; };
		935160C22586233400100937 /* FriendEntity.json in Resources */ = {isa = PBXBuildFile; fileRef = 935160C12586233400100937 /* FriendEntity.json */; };
		935160C52586233B00100937 /* Friend2Entity.json in Resources */ = {isa = PBXBuildFile; fileRef = 935160C42586233B00100937 /* Friend2Entity.json */; };
		935D83FD25FEF52400970A98 /* Setting.swift in Sources */ = {isa = PBXBuildFile; fileRef = 935D83FC25FEF52400970A98 /* Setting.swift */; };
		93CA3F3B2663828C006A568A /* Chat+CoreDataClass.swift in Sources */ = {isa = PBXBuildFile; fileRef = 93CA3F352663828B006A568A /* Chat+CoreDataClass.swift */; };
		93CA3F3C2663828C006A568A /* Chat+CoreDataProperties.swift in Sources */ = {isa = PBXBuildFile; fileRef = 93CA3F362663828B006A568A /* Chat+CoreDataProperties.swift */; };
		93CA3F3D2663828C006A568A /* Friend+CoreDataClass.swift in Sources */ = {isa = PBXBuildFile; fileRef = 93CA3F372663828C006A568A /* Friend+CoreDataClass.swift */; };
		93CA3F3E2663828C006A568A /* Friend+CoreDataProperties.swift in Sources */ = {isa = PBXBuildFile; fileRef = 93CA3F382663828C006A568A /* Friend+CoreDataProperties.swift */; };
		93CA3F3F2663828C006A568A /* MsgFriend+CoreDataClass.swift in Sources */ = {isa = PBXBuildFile; fileRef = 93CA3F392663828C006A568A /* MsgFriend+CoreDataClass.swift */; };
		93CA3F402663828C006A568A /* MsgFriend+CoreDataProperties.swift in Sources */ = {isa = PBXBuildFile; fileRef = 93CA3F3A2663828C006A568A /* MsgFriend+CoreDataProperties.swift */; };
		93D3BD5025E686590003EAEA /* DataModel.xcdatamodeld in Sources */ = {isa = PBXBuildFile; fileRef = 93D3BD4E25E686580003EAEA /* DataModel.xcdatamodeld */; };
		93F4388B25FA25FD001CE188 /* Persistence.swift in Sources */ = {isa = PBXBuildFile; fileRef = 93F4388A25FA25FD001CE188 /* Persistence.swift */; };
/* End PBXBuildFile section */

/* Begin PBXFileReference section */
		9351609225860EB800100937 /* connect_iOS.app */ = {isa = PBXFileReference; explicitFileType = wrapper.application; includeInIndex = 0; path = connect_iOS.app; sourceTree = BUILT_PRODUCTS_DIR; };
		9351609525860EB800100937 /* connect_iOSApp.swift */ = {isa = PBXFileReference; lastKnownFileType = sourcecode.swift; path = connect_iOSApp.swift; sourceTree = "<group>"; };
		9351609925860EBB00100937 /* Assets.xcassets */ = {isa = PBXFileReference; lastKnownFileType = folder.assetcatalog; path = Assets.xcassets; sourceTree = "<group>"; };
		9351609C25860EBB00100937 /* Preview Assets.xcassets */ = {isa = PBXFileReference; lastKnownFileType = folder.assetcatalog; path = "Preview Assets.xcassets"; sourceTree = "<group>"; };
		9351609E25860EBB00100937 /* Info.plist */ = {isa = PBXFileReference; lastKnownFileType = text.plist.xml; path = Info.plist; sourceTree = "<group>"; };
		935160A72586225400100937 /* MenuRowView.swift */ = {isa = PBXFileReference; fileEncoding = 4; lastKnownFileType = sourcecode.swift; path = MenuRowView.swift; sourceTree = "<group>"; };
		935160A82586225400100937 /* WriteMessage.swift */ = {isa = PBXFileReference; fileEncoding = 4; lastKnownFileType = sourcecode.swift; path = WriteMessage.swift; sourceTree = "<group>"; };
		935160AA2586225400100937 /* AddFriend.swift */ = {isa = PBXFileReference; fileEncoding = 4; lastKnownFileType = sourcecode.swift; path = AddFriend.swift; sourceTree = "<group>"; };
		935160AB2586225400100937 /* HomeView.swift */ = {isa = PBXFileReference; fileEncoding = 4; lastKnownFileType = sourcecode.swift; path = HomeView.swift; sourceTree = "<group>"; };
		935160AC2586225400100937 /* SelectMessageFriend.swift */ = {isa = PBXFileReference; fileEncoding = 4; lastKnownFileType = sourcecode.swift; path = SelectMessageFriend.swift; sourceTree = "<group>"; };
		935160AD2586225400100937 /* CheckMessage.swift */ = {isa = PBXFileReference; fileEncoding = 4; lastKnownFileType = sourcecode.swift; path = CheckMessage.swift; sourceTree = "<group>"; };
		935160AE2586225400100937 /* FriendListView.swift */ = {isa = PBXFileReference; fileEncoding = 4; lastKnownFileType = sourcecode.swift; path = FriendListView.swift; sourceTree = "<group>"; };
		935160AF2586225400100937 /* SelectMsgFriend.swift */ = {isa = PBXFileReference; fileEncoding = 4; lastKnownFileType = sourcecode.swift; path = SelectMsgFriend.swift; sourceTree = "<group>"; };
		935160C12586233400100937 /* FriendEntity.json */ = {isa = PBXFileReference; fileEncoding = 4; lastKnownFileType = text.json; path = FriendEntity.json; sourceTree = "<group>"; };
		935160C42586233B00100937 /* Friend2Entity.json */ = {isa = PBXFileReference; fileEncoding = 4; lastKnownFileType = text.json; path = Friend2Entity.json; sourceTree = "<group>"; };
		935D83FC25FEF52400970A98 /* Setting.swift */ = {isa = PBXFileReference; lastKnownFileType = sourcecode.swift; path = Setting.swift; sourceTree = "<group>"; };
		93CA3F352663828B006A568A /* Chat+CoreDataClass.swift */ = {isa = PBXFileReference; lastKnownFileType = sourcecode.swift; path = "Chat+CoreDataClass.swift"; sourceTree = SOURCE_ROOT; };
		93CA3F362663828B006A568A /* Chat+CoreDataProperties.swift */ = {isa = PBXFileReference; lastKnownFileType = sourcecode.swift; path = "Chat+CoreDataProperties.swift"; sourceTree = SOURCE_ROOT; };
		93CA3F372663828C006A568A /* Friend+CoreDataClass.swift */ = {isa = PBXFileReference; lastKnownFileType = sourcecode.swift; path = "Friend+CoreDataClass.swift"; sourceTree = SOURCE_ROOT; };
		93CA3F382663828C006A568A /* Friend+CoreDataProperties.swift */ = {isa = PBXFileReference; lastKnownFileType = sourcecode.swift; path = "Friend+CoreDataProperties.swift"; sourceTree = SOURCE_ROOT; };
		93CA3F392663828C006A568A /* MsgFriend+CoreDataClass.swift */ = {isa = PBXFileReference; lastKnownFileType = sourcecode.swift; path = "MsgFriend+CoreDataClass.swift"; sourceTree = SOURCE_ROOT; };
		93CA3F3A2663828C006A568A /* MsgFriend+CoreDataProperties.swift */ = {isa = PBXFileReference; lastKnownFileType = sourcecode.swift; path = "MsgFriend+CoreDataProperties.swift"; sourceTree = SOURCE_ROOT; };
		93D3BD4F25E686580003EAEA /* DataModel.xcdatamodel */ = {isa = PBXFileReference; lastKnownFileType = wrapper.xcdatamodel; path = DataModel.xcdatamodel; sourceTree = "<group>"; };
		93F4388A25FA25FD001CE188 /* Persistence.swift */ = {isa = PBXFileReference; fileEncoding = 4; lastKnownFileType = sourcecode.swift; path = Persistence.swift; sourceTree = "<group>"; };
/* End PBXFileReference section */

/* Begin PBXFrameworksBuildPhase section */
		9351608F25860EB800100937 /* Frameworks */ = {
			isa = PBXFrameworksBuildPhase;
			buildActionMask = 2147483647;
			files = (
			);
			runOnlyForDeploymentPostprocessing = 0;
		};
/* End PBXFrameworksBuildPhase section */

/* Begin PBXGroup section */
		9351608925860EB800100937 = {
			isa = PBXGroup;
			children = (
				9351609425860EB800100937 /* connect_iOS */,
				9351609325860EB800100937 /* Products */,
			);
			sourceTree = "<group>";
		};
		9351609325860EB800100937 /* Products */ = {
			isa = PBXGroup;
			children = (
				9351609225860EB800100937 /* connect_iOS.app */,
			);
			name = Products;
			sourceTree = "<group>";
		};
		9351609425860EB800100937 /* connect_iOS */ = {
			isa = PBXGroup;
			children = (
				935160C02586231200100937 /* Data */,
				935160A62586225400100937 /* View */,
				9351609925860EBB00100937 /* Assets.xcassets */,
				93F4388A25FA25FD001CE188 /* Persistence.swift */,
				93D3BD4E25E686580003EAEA /* DataModel.xcdatamodeld */,
				9351609E25860EBB00100937 /* Info.plist */,
				9351609B25860EBB00100937 /* Preview Content */,
			);
			path = connect_iOS;
			sourceTree = "<group>";
		};
		9351609B25860EBB00100937 /* Preview Content */ = {
			isa = PBXGroup;
			children = (
				9351609C25860EBB00100937 /* Preview Assets.xcassets */,
			);
			path = "Preview Content";
			sourceTree = "<group>";
		};
		935160A62586225400100937 /* View */ = {
			isa = PBXGroup;
			children = (
				9351609525860EB800100937 /* connect_iOSApp.swift */,
				935D83FC25FEF52400970A98 /* Setting.swift */,
				935160A72586225400100937 /* MenuRowView.swift */,
				935160A82586225400100937 /* WriteMessage.swift */,
				935160AA2586225400100937 /* AddFriend.swift */,
				935160AB2586225400100937 /* HomeView.swift */,
				935160AC2586225400100937 /* SelectMessageFriend.swift */,
				935160AD2586225400100937 /* CheckMessage.swift */,
				935160AE2586225400100937 /* FriendListView.swift */,
				935160AF2586225400100937 /* SelectMsgFriend.swift */,
			);
			path = View;
			sourceTree = "<group>";
		};
		935160C02586231200100937 /* Data */ = {
			isa = PBXGroup;
			children = (
				93CA3F352663828B006A568A /* Chat+CoreDataClass.swift */,
				93CA3F362663828B006A568A /* Chat+CoreDataProperties.swift */,
				93CA3F372663828C006A568A /* Friend+CoreDataClass.swift */,
				93CA3F382663828C006A568A /* Friend+CoreDataProperties.swift */,
				93CA3F392663828C006A568A /* MsgFriend+CoreDataClass.swift */,
				93CA3F3A2663828C006A568A /* MsgFriend+CoreDataProperties.swift */,
				935160C12586233400100937 /* FriendEntity.json */,
				935160C42586233B00100937 /* Friend2Entity.json */,
			);
			path = Data;
			sourceTree = "<group>";
		};
/* End PBXGroup section */

/* Begin PBXNativeTarget section */
		9351609125860EB800100937 /* connect_iOS */ = {
			isa = PBXNativeTarget;
			buildConfigurationList = 935160A125860EBB00100937 /* Build configuration list for PBXNativeTarget "connect_iOS" */;
			buildPhases = (
				9351608E25860EB800100937 /* Sources */,
				9351608F25860EB800100937 /* Frameworks */,
				9351609025860EB800100937 /* Resources */,
			);
			buildRules = (
			);
			dependencies = (
			);
			name = connect_iOS;
			productName = connect_iOS;
			productReference = 9351609225860EB800100937 /* connect_iOS.app */;
			productType = "com.apple.product-type.application";
		};
/* End PBXNativeTarget section */

/* Begin PBXProject section */
		9351608A25860EB800100937 /* Project object */ = {
			isa = PBXProject;
			attributes = {
				LastSwiftUpdateCheck = 1220;
				LastUpgradeCheck = 1220;
				TargetAttributes = {
					9351609125860EB800100937 = {
						CreatedOnToolsVersion = 12.2;
					};
				};
			};
			buildConfigurationList = 9351608D25860EB800100937 /* Build configuration list for PBXProject "connect_iOS" */;
			compatibilityVersion = "Xcode 9.3";
			developmentRegion = en;
			hasScannedForEncodings = 0;
			knownRegions = (
				en,
				Base,
			);
			mainGroup = 9351608925860EB800100937;
			productRefGroup = 9351609325860EB800100937 /* Products */;
			projectDirPath = "";
			projectRoot = "";
			targets = (
				9351609125860EB800100937 /* connect_iOS */,
			);
		};
/* End PBXProject section */

/* Begin PBXResourcesBuildPhase section */
		9351609025860EB800100937 /* Resources */ = {
			isa = PBXResourcesBuildPhase;
			buildActionMask = 2147483647;
			files = (
				935160C22586233400100937 /* FriendEntity.json in Resources */,
				935160C52586233B00100937 /* Friend2Entity.json in Resources */,
				9351609D25860EBB00100937 /* Preview Assets.xcassets in Resources */,
				9351609A25860EBB00100937 /* Assets.xcassets in Resources */,
			);
			runOnlyForDeploymentPostprocessing = 0;
		};
/* End PBXResourcesBuildPhase section */

/* Begin PBXSourcesBuildPhase section */
		9351608E25860EB800100937 /* Sources */ = {
			isa = PBXSourcesBuildPhase;
			buildActionMask = 2147483647;
			files = (
				93CA3F3F2663828C006A568A /* MsgFriend+CoreDataClass.swift in Sources */,
				935160B62586225400100937 /* SelectMessageFriend.swift in Sources */,
				935160B52586225400100937 /* HomeView.swift in Sources */,
				935160B92586225400100937 /* SelectMsgFriend.swift in Sources */,
				93CA3F3D2663828C006A568A /* Friend+CoreDataClass.swift in Sources */,
				93F4388B25FA25FD001CE188 /* Persistence.swift in Sources */,
				935D83FD25FEF52400970A98 /* Setting.swift in Sources */,
				935160B82586225400100937 /* FriendListView.swift in Sources */,
				935160B72586225400100937 /* CheckMessage.swift in Sources */,
				93CA3F3C2663828C006A568A /* Chat+CoreDataProperties.swift in Sources */,
				935160B22586225400100937 /* WriteMessage.swift in Sources */,
				935160B42586225400100937 /* AddFriend.swift in Sources */,
				93D3BD5025E686590003EAEA /* DataModel.xcdatamodeld in Sources */,
				935160B12586225400100937 /* MenuRowView.swift in Sources */,
				93CA3F3E2663828C006A568A /* Friend+CoreDataProperties.swift in Sources */,
				93CA3F402663828C006A568A /* MsgFriend+CoreDataProperties.swift in Sources */,
				93CA3F3B2663828C006A568A /* Chat+CoreDataClass.swift in Sources */,
				9351609625860EB800100937 /* connect_iOSApp.swift in Sources */,
			);
			runOnlyForDeploymentPostprocessing = 0;
		};
/* End PBXSourcesBuildPhase section */

/* Begin XCBuildConfiguration section */
		9351609F25860EBB00100937 /* Debug */ = {
			isa = XCBuildConfiguration;
			buildSettings = {
				ALWAYS_SEARCH_USER_PATHS = NO;
				CLANG_ANALYZER_NONNULL = YES;
				CLANG_ANALYZER_NUMBER_OBJECT_CONVERSION = YES_AGGRESSIVE;
				CLANG_CXX_LANGUAGE_STANDARD = "gnu++14";
				CLANG_CXX_LIBRARY = "libc++";
				CLANG_ENABLE_MODULES = YES;
				CLANG_ENABLE_OBJC_ARC = YES;
				CLANG_ENABLE_OBJC_WEAK = YES;
				CLANG_WARN_BLOCK_CAPTURE_AUTORELEASING = YES;
				CLANG_WARN_BOOL_CONVERSION = YES;
				CLANG_WARN_COMMA = YES;
				CLANG_WARN_CONSTANT_CONVERSION = YES;
				CLANG_WARN_DEPRECATED_OBJC_IMPLEMENTATIONS = YES;
				CLANG_WARN_DIRECT_OBJC_ISA_USAGE = YES_ERROR;
				CLANG_WARN_DOCUMENTATION_COMMENTS = YES;
				CLANG_WARN_EMPTY_BODY = YES;
				CLANG_WARN_ENUM_CONVERSION = YES;
				CLANG_WARN_INFINITE_RECURSION = YES;
				CLANG_WARN_INT_CONVERSION = YES;
				CLANG_WARN_NON_LITERAL_NULL_CONVERSION = YES;
				CLANG_WARN_OBJC_IMPLICIT_RETAIN_SELF = YES;
				CLANG_WARN_OBJC_LITERAL_CONVERSION = YES;
				CLANG_WARN_OBJC_ROOT_CLASS = YES_ERROR;
				CLANG_WARN_QUOTED_INCLUDE_IN_FRAMEWORK_HEADER = YES;
				CLANG_WARN_RANGE_LOOP_ANALYSIS = YES;
				CLANG_WARN_STRICT_PROTOTYPES = YES;
				CLANG_WARN_SUSPICIOUS_MOVE = YES;
				CLANG_WARN_UNGUARDED_AVAILABILITY = YES_AGGRESSIVE;
				CLANG_WARN_UNREACHABLE_CODE = YES;
				CLANG_WARN__DUPLICATE_METHOD_MATCH = YES;
				COPY_PHASE_STRIP = NO;
				DEBUG_INFORMATION_FORMAT = dwarf;
				ENABLE_STRICT_OBJC_MSGSEND = YES;
				ENABLE_TESTABILITY = YES;
				GCC_C_LANGUAGE_STANDARD = gnu11;
				GCC_DYNAMIC_NO_PIC = NO;
				GCC_NO_COMMON_BLOCKS = YES;
				GCC_OPTIMIZATION_LEVEL = 0;
				GCC_PREPROCESSOR_DEFINITIONS = (
					"DEBUG=1",
					"$(inherited)",
				);
				GCC_WARN_64_TO_32_BIT_CONVERSION = YES;
				GCC_WARN_ABOUT_RETURN_TYPE = YES_ERROR;
				GCC_WARN_UNDECLARED_SELECTOR = YES;
				GCC_WARN_UNINITIALIZED_AUTOS = YES_AGGRESSIVE;
				GCC_WARN_UNUSED_FUNCTION = YES;
				GCC_WARN_UNUSED_VARIABLE = YES;
				IPHONEOS_DEPLOYMENT_TARGET = 14.2;
				MTL_ENABLE_DEBUG_INFO = INCLUDE_SOURCE;
				MTL_FAST_MATH = YES;
				ONLY_ACTIVE_ARCH = YES;
				SDKROOT = iphoneos;
				SWIFT_ACTIVE_COMPILATION_CONDITIONS = DEBUG;
				SWIFT_OPTIMIZATION_LEVEL = "-Onone";
			};
			name = Debug;
		};
		935160A025860EBB00100937 /* Release */ = {
			isa = XCBuildConfiguration;
			buildSettings = {
				ALWAYS_SEARCH_USER_PATHS = NO;
				CLANG_ANALYZER_NONNULL = YES;
				CLANG_ANALYZER_NUMBER_OBJECT_CONVERSION = YES_AGGRESSIVE;
				CLANG_CXX_LANGUAGE_STANDARD = "gnu++14";
				CLANG_CXX_LIBRARY = "libc++";
				CLANG_ENABLE_MODULES = YES;
				CLANG_ENABLE_OBJC_ARC = YES;
				CLANG_ENABLE_OBJC_WEAK = YES;
				CLANG_WARN_BLOCK_CAPTURE_AUTORELEASING = YES;
				CLANG_WARN_BOOL_CONVERSION = YES;
				CLANG_WARN_COMMA = YES;
				CLANG_WARN_CONSTANT_CONVERSION = YES;
				CLANG_WARN_DEPRECATED_OBJC_IMPLEMENTATIONS = YES;
				CLANG_WARN_DIRECT_OBJC_ISA_USAGE = YES_ERROR;
				CLANG_WARN_DOCUMENTATION_COMMENTS = YES;
				CLANG_WARN_EMPTY_BODY = YES;
				CLANG_WARN_ENUM_CONVERSION = YES;
				CLANG_WARN_INFINITE_RECURSION = YES;
				CLANG_WARN_INT_CONVERSION = YES;
				CLANG_WARN_NON_LITERAL_NULL_CONVERSION = YES;
				CLANG_WARN_OBJC_IMPLICIT_RETAIN_SELF = YES;
				CLANG_WARN_OBJC_LITERAL_CONVERSION = YES;
				CLANG_WARN_OBJC_ROOT_CLASS = YES_ERROR;
				CLANG_WARN_QUOTED_INCLUDE_IN_FRAMEWORK_HEADER = YES;
				CLANG_WARN_RANGE_LOOP_ANALYSIS = YES;
				CLANG_WARN_STRICT_PROTOTYPES = YES;
				CLANG_WARN_SUSPICIOUS_MOVE = YES;
				CLANG_WARN_UNGUARDED_AVAILABILITY = YES_AGGRESSIVE;
				CLANG_WARN_UNREACHABLE_CODE = YES;
				CLANG_WARN__DUPLICATE_METHOD_MATCH = YES;
				COPY_PHASE_STRIP = NO;
				DEBUG_INFORMATION_FORMAT = "dwarf-with-dsym";
				ENABLE_NS_ASSERTIONS = NO;
				ENABLE_STRICT_OBJC_MSGSEND = YES;
				GCC_C_LANGUAGE_STANDARD = gnu11;
				GCC_NO_COMMON_BLOCKS = YES;
				GCC_WARN_64_TO_32_BIT_CONVERSION = YES;
				GCC_WARN_ABOUT_RETURN_TYPE = YES_ERROR;
				GCC_WARN_UNDECLARED_SELECTOR = YES;
				GCC_WARN_UNINITIALIZED_AUTOS = YES_AGGRESSIVE;
				GCC_WARN_UNUSED_FUNCTION = YES;
				GCC_WARN_UNUSED_VARIABLE = YES;
				IPHONEOS_DEPLOYMENT_TARGET = 14.2;
				MTL_ENABLE_DEBUG_INFO = NO;
				MTL_FAST_MATH = YES;
				SDKROOT = iphoneos;
				SWIFT_COMPILATION_MODE = wholemodule;
				SWIFT_OPTIMIZATION_LEVEL = "-O";
				VALIDATE_PRODUCT = YES;
			};
			name = Release;
		};
		935160A225860EBB00100937 /* Debug */ = {
			isa = XCBuildConfiguration;
			buildSettings = {
				ASSETCATALOG_COMPILER_APPICON_NAME = AppIcon;
				ASSETCATALOG_COMPILER_GLOBAL_ACCENT_COLOR_NAME = AccentColor;
				CODE_SIGN_STYLE = Automatic;
				DEVELOPMENT_ASSET_PATHS = "\"connect_iOS/Preview Content\"";
				DEVELOPMENT_TEAM = 5YR8ZB95G3;
				ENABLE_PREVIEWS = YES;
				INFOPLIST_FILE = connect_iOS/Info.plist;
				IPHONEOS_DEPLOYMENT_TARGET = 14.0;
				LD_RUNPATH_SEARCH_PATHS = (
					"$(inherited)",
					"@executable_path/Frameworks",
				);
				PRODUCT_BUNDLE_IDENTIFIER = "com.moli.connect-iOS";
				PRODUCT_NAME = "$(TARGET_NAME)";
				SWIFT_VERSION = 5.0;
				TARGETED_DEVICE_FAMILY = "1,2";
			};
			name = Debug;
		};
		935160A325860EBB00100937 /* Release */ = {
			isa = XCBuildConfiguration;
			buildSettings = {
				ASSETCATALOG_COMPILER_APPICON_NAME = AppIcon;
				ASSETCATALOG_COMPILER_GLOBAL_ACCENT_COLOR_NAME = AccentColor;
				CODE_SIGN_STYLE = Automatic;
				DEVELOPMENT_ASSET_PATHS = "\"connect_iOS/Preview Content\"";
				DEVELOPMENT_TEAM = 5YR8ZB95G3;
				ENABLE_PREVIEWS = YES;
				INFOPLIST_FILE = connect_iOS/Info.plist;
				IPHONEOS_DEPLOYMENT_TARGET = 14.0;
				LD_RUNPATH_SEARCH_PATHS = (
					"$(inherited)",
					"@executable_path/Frameworks",
				);
				PRODUCT_BUNDLE_IDENTIFIER = "com.moli.connect-iOS";
				PRODUCT_NAME = "$(TARGET_NAME)";
				SWIFT_VERSION = 5.0;
				TARGETED_DEVICE_FAMILY = "1,2";
			};
			name = Release;
		};
/* End XCBuildConfiguration section */

/* Begin XCConfigurationList section */
		9351608D25860EB800100937 /* Build configuration list for PBXProject "connect_iOS" */ = {
			isa = XCConfigurationList;
			buildConfigurations = (
				9351609F25860EBB00100937 /* Debug */,
				935160A025860EBB00100937 /* Release */,
			);
			defaultConfigurationIsVisible = 0;
			defaultConfigurationName = Release;
		};
		935160A125860EBB00100937 /* Build configuration list for PBXNativeTarget "connect_iOS" */ = {
			isa = XCConfigurationList;
			buildConfigurations = (
				935160A225860EBB00100937 /* Debug */,
				935160A325860EBB00100937 /* Release */,
			);
			defaultConfigurationIsVisible = 0;
			defaultConfigurationName = Release;
		};
/* End XCConfigurationList section */

/* Begin XCVersionGroup section */
		93D3BD4E25E686580003EAEA /* DataModel.xcdatamodeld */ = {
			isa = XCVersionGroup;
			children = (
				93D3BD4F25E686580003EAEA /* DataModel.xcdatamodel */,
			);
			currentVersion = 93D3BD4F25E686580003EAEA /* DataModel.xcdatamodel */;
			path = DataModel.xcdatamodeld;
			sourceTree = "<group>";
			versionGroupType = wrapper.xcdatamodel;
		};
/* End XCVersionGroup section */
	};
	rootObject = 9351608A25860EB800100937 /* Project object */;
}
